
Microsoft Visual Studio Solution File, Format Version 12.00
# Visual Studio Version 16
VisualStudioVersion = 16.0.30907.101
MinimumVisualStudioVersion = 10.0.40219.1
Project("{FAE04EC0-301F-11D3-BF4B-00C04F79EFBC}") = "TechSupport", "TechSupport\TechSupport.csproj", "{E471C0F4-FFEC-4CC1-8E99-E640FE6559FC}"
EndProject
Global
	GlobalSection(SolutionConfigurationPlatforms) = preSolution
		Debug|Any CPU = Debug|Any CPU
		Release|Any CPU = Release|Any CPU
	EndGlobalSection
	GlobalSection(ProjectConfigurationPlatforms) = postSolution
		{E471C0F4-FFEC-4CC1-8E99-E640FE6559FC}.Debug|Any CPU.ActiveCfg = Debug|Any CPU
		{E471C0F4-FFEC-4CC1-8E99-E640FE6559FC}.Debug|Any CPU.Build.0 = Debug|Any CPU
		{E471C0F4-FFEC-4CC1-8E99-E640FE6559FC}.Release|Any CPU.ActiveCfg = Release|Any CPU
		{E471C0F4-FFEC-4CC1-8E99-E640FE6559FC}.Release|Any CPU.Build.0 = Release|Any CPU
	EndGlobalSection
	GlobalSection(SolutionProperties) = preSolution
		HideSolutionNode = FALSE
	EndGlobalSection
	GlobalSection(ExtensibilityGlobals) = postSolution
		SolutionGuid = {FC6E587F-16AE-41A6-8056-C3DF28DAB01B}
	EndGlobalSection
EndGlobal
